
Microsoft Visual Studio Solution File, Format Version 12.00
# Visual Studio Version 17
VisualStudioVersion = 17.5.002.0
MinimumVisualStudioVersion = 10.0.40219.1
Project("{9A19103F-16F7-4668-BE54-9A1E7A4F7556}") = "IPOverview", "IPOverview.csproj", "{7BC6EDA1-1CD2-429B-91A4-E5C9293983E4}"
EndProject
Global
	GlobalSection(SolutionConfigurationPlatforms) = preSolution
		Debug|Any CPU = Debug|Any CPU
		Release|Any CPU = Release|Any CPU
	EndGlobalSection
	GlobalSection(ProjectConfigurationPlatforms) = postSolution
		{7BC6EDA1-1CD2-429B-91A4-E5C9293983E4}.Debug|Any CPU.ActiveCfg = Debug|Any CPU
		{7BC6EDA1-1CD2-429B-91A4-E5C9293983E4}.Debug|Any CPU.Build.0 = Debug|Any CPU
		{7BC6EDA1-1CD2-429B-91A4-E5C9293983E4}.Release|Any CPU.ActiveCfg = Release|Any CPU
		{7BC6EDA1-1CD2-429B-91A4-E5C9293983E4}.Release|Any CPU.Build.0 = Release|Any CPU
	EndGlobalSection
	GlobalSection(SolutionProperties) = preSolution
		HideSolutionNode = FALSE
	EndGlobalSection
	GlobalSection(ExtensibilityGlobals) = postSolution
		SolutionGuid = {EE37DB3D-84EF-4A21-99BC-0DE4EA46E0B5}
	EndGlobalSection
EndGlobal
